{
    "name": "vue3-polkadot-vue-identicon",
    "version": "1.0.0",
    "lockfileVersion": 1,
    "requires": true,
    "dependencies": {
        "@babel/runtime": {
            "version": "7.18.6",
            "resolved": "https://registry.npmmirror.com/@babel/runtime/-/runtime-7.18.6.tgz",
            "integrity": "sha512-t9wi7/AW6XtKahAe20Yw0/mMljKq0B1r2fPdvaAdV/KPDZewFXdaaa6K7lxmZBZ8FBNpCiAT6iHPmd6QO9bKfQ==",
            "requires": {
                "regenerator-runtime": "^0.13.4"
            }
        },
        "@noble/hashes": {
            "version": "1.1.2",
            "resolved": "https://registry.npmmirror.com/@noble/hashes/-/hashes-1.1.2.tgz",
            "integrity": "sha512-KYRCASVTv6aeUi1tsF8/vpyR7zpfs3FUzy2Jqm+MU+LmUKhQ0y2FpfwqkCcxSg2ua4GALJd8k2R76WxwZGbQpA=="
        },
        "@noble/secp256k1": {
            "version": "1.6.0",
            "resolved": "https://registry.npmmirror.com/@noble/secp256k1/-/secp256k1-1.6.0.tgz",
            "integrity": "sha512-DWSsg8zMHOYMYBqIQi96BQuthZrp98LCeMNcUOaffCIVYQ5yxDbNikLF+H7jEnmNNmXbtVic46iCuVWzar+MgA=="
        },
        "@polkadot/networks": {
            "version": "9.7.2",
            "resolved": "https://registry.npmmirror.com/@polkadot/networks/-/networks-9.7.2.tgz",
            "integrity": "sha512-oMAdF8Y9CLBI0EUZBcycHcvbQQdbkJHevPJ/lwnZXJTaueXuav/Xm2yiFj5J3V8meIjLocURlMawgsAVItXOBQ==",
            "requires": {
                "@babel/runtime": "^7.18.6",
                "@polkadot/util": "9.7.2",
                "@substrate/ss58-registry": "^1.23.0"
            }
        },
        "@polkadot/ui-shared": {
            "version": "2.7.2",
            "resolved": "https://registry.npmmirror.com/@polkadot/ui-shared/-/ui-shared-2.7.2.tgz",
            "integrity": "sha512-o4ssCHz6H1xaq7aVphU5NjosVR5FCEgfV/sDD1ZhBNELW6gg7RbypXcfRdXTXepQJzQg3G8j+gUeiTHa/tmhmA==",
            "requires": {
                "@babel/runtime": "^7.18.6",
                "color": "^3.2.1"
            }
        },
        "@polkadot/util": {
            "version": "9.7.2",
            "resolved": "https://registry.npmmirror.com/@polkadot/util/-/util-9.7.2.tgz",
            "integrity": "sha512-ivTmA+KkPCq5i3O0Gk+dTds/hwdwlYCh89aKfeaG9ni3XHUbbuBgTqHneo648HqxwAwSAyiDiwE9EdXrzAdO4Q==",
            "requires": {
                "@babel/runtime": "^7.18.6",
                "@polkadot/x-bigint": "9.7.2",
                "@polkadot/x-global": "9.7.2",
                "@polkadot/x-textdecoder": "9.7.2",
                "@polkadot/x-textencoder": "9.7.2",
                "@types/bn.js": "^5.1.0",
                "bn.js": "^5.2.1",
                "ip-regex": "^4.3.0"
            }
        },
        "@polkadot/util-crypto": {
            "version": "9.7.2",
            "resolved": "https://registry.npmmirror.com/@polkadot/util-crypto/-/util-crypto-9.7.2.tgz",
            "integrity": "sha512-tfz6mJtPwoNteivKCmR+QklC4mr1/hGZRsDJLWKaFhanDinYZ3V2pJM1EbCI6WONLuuzlTxsDXjAffWzzRqlPA==",
            "requires": {
                "@babel/runtime": "^7.18.6",
                "@noble/hashes": "1.1.2",
                "@noble/secp256k1": "1.6.0",
                "@polkadot/networks": "9.7.2",
                "@polkadot/util": "9.7.2",
                "@polkadot/wasm-crypto": "^6.2.2",
                "@polkadot/x-bigint": "9.7.2",
                "@polkadot/x-randomvalues": "9.7.2",
                "@scure/base": "1.1.1",
                "ed2curve": "^0.3.0",
                "tweetnacl": "^1.0.3"
            }
        },
        "@polkadot/wasm-bridge": {
            "version": "6.2.2",
            "resolved": "https://registry.npmmirror.com/@polkadot/wasm-bridge/-/wasm-bridge-6.2.2.tgz",
            "integrity": "sha512-VZ53gtlSTGqGV/jPe1vEa8LxRP7gv6sx4mcIwTicLejunBMo8zcmKD75Y7As3tEH3ZNLXFfJYezQT4gzw5Vb2Q==",
            "requires": {
                "@babel/runtime": "^7.18.6"
            }
        },
        "@polkadot/wasm-crypto": {
            "version": "6.2.2",
            "resolved": "https://registry.npmmirror.com/@polkadot/wasm-crypto/-/wasm-crypto-6.2.2.tgz",
            "integrity": "sha512-EdsZqlvSM5lUmAC3QiJnHLgtDN6qmYH/c8t/mXpzm/e6tG8gjoDk1U3V/mvooRNnwjUHR45mR4gn6JwsiWXoqA==",
            "requires": {
                "@babel/runtime": "^7.18.6",
                "@polkadot/wasm-bridge": "6.2.2",
                "@polkadot/wasm-crypto-asmjs": "6.2.2",
                "@polkadot/wasm-crypto-init": "6.2.2",
                "@polkadot/wasm-crypto-wasm": "6.2.2",
                "@polkadot/wasm-util": "6.2.2"
            }
        },
        "@polkadot/wasm-crypto-asmjs": {
            "version": "6.2.2",
            "resolved": "https://registry.npmmirror.com/@polkadot/wasm-crypto-asmjs/-/wasm-crypto-asmjs-6.2.2.tgz",
            "integrity": "sha512-zHvokBW7xIbPCHyNFJoqClsJwi3ecEZwKFhfLGJIU1Gcag6+Wx0GIyemby2z4PkYqQiUm9LQ/SS9dGIF2M5KiA==",
            "requires": {
                "@babel/runtime": "^7.18.6"
            }
        },
        "@polkadot/wasm-crypto-init": {
            "version": "6.2.2",
            "resolved": "https://registry.npmmirror.com/@polkadot/wasm-crypto-init/-/wasm-crypto-init-6.2.2.tgz",
            "integrity": "sha512-qSt/QXEMf+0ZRReTb8XG6Ith4W3pGY9dIJVHZ/0euqsNsA5x26K+s50uH5/gillZ2aj0zQtCScW98VUfIQAb5w==",
            "requires": {
                "@babel/runtime": "^7.18.6",
                "@polkadot/wasm-bridge": "6.2.2",
                "@polkadot/wasm-crypto-asmjs": "6.2.2",
                "@polkadot/wasm-crypto-wasm": "6.2.2"
            }
        },
        "@polkadot/wasm-crypto-wasm": {
            "version": "6.2.2",
            "resolved": "https://registry.npmmirror.com/@polkadot/wasm-crypto-wasm/-/wasm-crypto-wasm-6.2.2.tgz",
            "integrity": "sha512-YDrFJXU1v4SYhIfmwmUDe+EEpnlpMRxQIlOzAPlkw1VA6FKFGNYkug5K3vElVPxySk9dE8YvleXe8BGNg0dcAg==",
            "requires": {
                "@babel/runtime": "^7.18.6",
                "@polkadot/wasm-util": "6.2.2"
            }
        },
        "@polkadot/wasm-util": {
            "version": "6.2.2",
            "resolved": "https://registry.npmmirror.com/@polkadot/wasm-util/-/wasm-util-6.2.2.tgz",
            "integrity": "sha512-umhxKzaEdU3HI5e1PjrTdlDEDm4im2QwfIot/SLXeMc1z6ZINEpSjK1nTcxuTgZXwmBlNNbCV0Tgt+LLRv6ALQ==",
            "requires": {
                "@babel/runtime": "^7.18.6"
            }
        },
        "@polkadot/x-bigint": {
            "version": "9.7.2",
            "resolved": "https://registry.npmmirror.com/@polkadot/x-bigint/-/x-bigint-9.7.2.tgz",
            "integrity": "sha512-qi8/DTGypFSt5vvNOsYcEaqH72lymfyidGlsHlZ6e7nNASnEhk/NaOcINiTr1ds+fpu4dtKXWAIPZufujf2JeQ==",
            "requires": {
                "@babel/runtime": "^7.18.6",
                "@polkadot/x-global": "9.7.2"
            }
        },
        "@polkadot/x-global": {
            "version": "9.7.2",
            "resolved": "https://registry.npmmirror.com/@polkadot/x-global/-/x-global-9.7.2.tgz",
            "integrity": "sha512-3NN5JhjosaelaFWBJSlv9mb/gDAlt7RuZ8NKlOjB+LQHd9g6ZbnYi5wwjW+i/x/3E4IVbBx66uvWgNaw7IBrkg==",
            "requires": {
                "@babel/runtime": "^7.18.6"
            }
        },
        "@polkadot/x-randomvalues": {
            "version": "9.7.2",
            "resolved": "https://registry.npmmirror.com/@polkadot/x-randomvalues/-/x-randomvalues-9.7.2.tgz",
            "integrity": "sha512-819slnXNpoVtqdhjI19ao7w5m+Zwx11VfwCZkFQypVv3b/1UEoKG/baJA9dVI6yMvhnBN//i8mLgNy3IXWbVVw==",
            "requires": {
                "@babel/runtime": "^7.18.6",
                "@polkadot/x-global": "9.7.2"
            }
        },
        "@polkadot/x-textdecoder": {
            "version": "9.7.2",
            "resolved": "https://registry.npmmirror.com/@polkadot/x-textdecoder/-/x-textdecoder-9.7.2.tgz",
            "integrity": "sha512-hhrMNZwJBmusdpqjDRpOHZoMB4hpyJt9Gu9Bi9is7/D/vq/hpxq8z7s6NxrbRyXJf1SIk6NMK0jf5XjRLdKdbw==",
            "requires": {
                "@babel/runtime": "^7.18.6",
                "@polkadot/x-global": "9.7.2"
            }
        },
        "@polkadot/x-textencoder": {
            "version": "9.7.2",
            "resolved": "https://registry.npmmirror.com/@polkadot/x-textencoder/-/x-textencoder-9.7.2.tgz",
            "integrity": "sha512-GHbSdbMPixDAOnJ9cvL/x9sPNeHegPoDSqCAzY5H6/zHc/fNn0vUu0To9VpPgPhp/Jb9dbc0h8YqEyvOcOlphw==",
            "requires": {
                "@babel/runtime": "^7.18.6",
                "@polkadot/x-global": "9.7.2"
            }
        },
        "@scure/base": {
            "version": "1.1.1",
            "resolved": "https://registry.npmmirror.com/@scure/base/-/base-1.1.1.tgz",
            "integrity": "sha512-ZxOhsSyxYwLJj3pLZCefNitxsj093tb2vq90mp2txoYeBqbcjDjqFhyM8eUjq/uFm6zJ+mUuqxlS2FkuSY1MTA=="
        },
        "@substrate/ss58-registry": {
            "version": "1.23.0",
            "resolved": "https://registry.npmmirror.com/@substrate/ss58-registry/-/ss58-registry-1.23.0.tgz",
            "integrity": "sha512-LuQje7n48GXSsp1aGI6UEmNVtlh7OzQ6CN1Hd9VGUrshADwMB0lRZ5bxnffmqDR4vVugI7h0NN0AONhIW1eHGg=="
        },
        "@types/bn.js": {
            "version": "5.1.0",
            "resolved": "https://registry.npmmirror.com/@types/bn.js/-/bn.js-5.1.0.tgz",
            "integrity": "sha512-QSSVYj7pYFN49kW77o2s9xTCwZ8F2xLbjLLSEVh8D2F4JUhZtPAGOFLTD+ffqksBx/u4cE/KImFjyhqCjn/LIA==",
            "requires": {
                "@types/node": "*"
            }
        },
        "@types/estree": {
            "version": "0.0.52",
            "resolved": "https://registry.npmmirror.com/@types/estree/-/estree-0.0.52.tgz",
            "integrity": "sha512-BZWrtCU0bMVAIliIV+HJO1f1PR41M7NKjfxrFJwwhKI1KwhwOxYw1SXg9ao+CIMt774nFuGiG6eU+udtbEI9oQ==",
            "dev": true
        },
        "@types/node": {
            "version": "18.0.1",
            "resolved": "https://registry.npmmirror.com/@types/node/-/node-18.0.1.tgz",
            "integrity": "sha512-CmR8+Tsy95hhwtZBKJBs0/FFq4XX7sDZHlGGf+0q+BRZfMbOTkzkj0AFAuTyXbObDIoanaBBW0+KEW+m3N16Wg=="
        },
        "@types/resolve": {
            "version": "0.0.8",
            "resolved": "https://registry.npmmirror.com/@types/resolve/-/resolve-0.0.8.tgz",
            "integrity": "sha512-auApPaJf3NPfe18hSoJkp8EbZzer2ISk7o8mCC3M9he/a04+gbMF97NkpD2S8riMGvm4BMRI59/SZQSaLTKpsQ==",
            "dev": true,
            "requires": {
                "@types/node": "*"
            }
        },
        "bn.js": {
            "version": "5.2.1",
            "resolved": "https://registry.npmmirror.com/bn.js/-/bn.js-5.2.1.tgz",
            "integrity": "sha512-eXRvHzWyYPBuB4NBy0cmYQjGitUrtqwbvlzP3G6VFnNRbsZQIxQ10PbKKHt8gZ/HW/D/747aDl+QkDqg3KQLMQ=="
        },
        "builtin-modules": {
            "version": "3.3.0",
            "resolved": "https://registry.npmmirror.com/builtin-modules/-/builtin-modules-3.3.0.tgz",
            "integrity": "sha512-zhaCDicdLuWN5UbN5IMnFqNMhNfo919sH85y2/ea+5Yg9TsTkeZxpL+JLbp6cgYFS4sRLp3YV4S6yDuqVWHYOw==",
            "dev": true
        },
        "canvas-renderer": {
            "version": "2.2.0",
            "resolved": "https://registry.npmmirror.com/canvas-renderer/-/canvas-renderer-2.2.0.tgz",
            "integrity": "sha512-Itdq9pwXcs4IbbkRCXc7reeGBk6i6tlDtZTjE1yc+KvYkx1Mt3WLf6tidZ/Ixbm7Vmi+jpWKG0dRBor67x9yGw==",
            "requires": {
                "@types/node": "*"
            }
        },
        "color": {
            "version": "3.2.1",
            "resolved": "https://registry.npmmirror.com/color/-/color-3.2.1.tgz",
            "integrity": "sha512-aBl7dZI9ENN6fUGC7mWpMTPNHmWUSNan9tuWN6ahh5ZLNk9baLJOnSMlrQkHcrfFgz2/RigjUVAjdx36VcemKA==",
            "requires": {
                "color-convert": "^1.9.3",
                "color-string": "^1.6.0"
            }
        },
        "color-convert": {
            "version": "1.9.3",
            "resolved": "https://registry.npmmirror.com/color-convert/-/color-convert-1.9.3.tgz",
            "integrity": "sha512-QfAUtd+vFdAtFQcC8CCyYt1fYWxSqAiK2cSD6zDB8N3cpsEBAvRxp9zOGg6G/SHHJYAT88/az/IuDGALsNVbGg==",
            "requires": {
                "color-name": "1.1.3"
            }
        },
        "color-name": {
            "version": "1.1.3",
            "resolved": "https://registry.npmmirror.com/color-name/-/color-name-1.1.3.tgz",
            "integrity": "sha512-72fSenhMw2HZMTVHeCA9KCmpEIbzWiQsjN+BHcBbS9vr1mtt+vJjPdksIBNUmKAW8TFUDPJK5SUU3QhE9NEXDw=="
        },
        "color-string": {
            "version": "1.9.1",
            "resolved": "https://registry.npmmirror.com/color-string/-/color-string-1.9.1.tgz",
            "integrity": "sha512-shrVawQFojnZv6xM40anx4CkoDP+fZsw/ZerEMsW/pyzsRbElpsL/DBVW7q3ExxwusdNXI3lXpuhEZkzs8p5Eg==",
            "requires": {
                "color-name": "^1.0.0",
                "simple-swizzle": "^0.2.2"
            }
        },
        "ed2curve": {
            "version": "0.3.0",
            "resolved": "https://registry.npmmirror.com/ed2curve/-/ed2curve-0.3.0.tgz",
            "integrity": "sha512-8w2fmmq3hv9rCrcI7g9hms2pMunQr1JINfcjwR9tAyZqhtyaMN991lF/ZfHfr5tzZQ8c7y7aBgZbjfbd0fjFwQ==",
            "requires": {
                "tweetnacl": "1.x.x"
            }
        },
        "estree-walker": {
            "version": "0.6.1",
            "resolved": "https://registry.npmmirror.com/estree-walker/-/estree-walker-0.6.1.tgz",
            "integrity": "sha512-SqmZANLWS0mnatqbSfRP5g8OXZC12Fgg1IwNtLsyHDzJizORW4khDfjPqJZsemPWBB2uqykUah5YpQ6epsqC/w==",
            "dev": true
        },
        "fsevents": {
            "version": "2.3.2",
            "resolved": "https://registry.npmmirror.com/fsevents/-/fsevents-2.3.2.tgz",
            "integrity": "sha512-xiqMQR4xAeHTuB9uWm+fFRcIOgKBMiOBP+eXiyT7jsgVCq1bkVygt00oASowB7EdtpOHaaPgKt812P9ab+DDKA==",
            "dev": true,
            "optional": true
        },
        "function-bind": {
            "version": "1.1.1",
            "resolved": "https://registry.npmmirror.com/function-bind/-/function-bind-1.1.1.tgz",
            "integrity": "sha512-yIovAzMX49sF8Yl58fSCWJ5svSLuaibPxXQJFLmBObTuCr0Mf1KiPopGM9NiFjiYBCbfaa2Fh6breQ6ANVTI0A==",
            "dev": true
        },
        "has": {
            "version": "1.0.3",
            "resolved": "https://registry.npmmirror.com/has/-/has-1.0.3.tgz",
            "integrity": "sha512-f2dvO0VU6Oej7RkWJGrehjbzMAjFp5/VKPp5tTpWIV4JHHZK1/BxbFRtf/siA2SWTe09caDmVtYYzWEIbBS4zw==",
            "dev": true,
            "requires": {
                "function-bind": "^1.1.1"
            }
        },
        "ip-regex": {
            "version": "4.3.0",
            "resolved": "https://registry.npmmirror.com/ip-regex/-/ip-regex-4.3.0.tgz",
            "integrity": "sha512-B9ZWJxHHOHUhUjCPrMpLD4xEq35bUTClHM1S6CBU5ixQnkZmwipwgc96vAd7AAGM9TGHvJR+Uss+/Ak6UphK+Q=="
        },
        "is-arrayish": {
            "version": "0.3.2",
            "resolved": "https://registry.npmmirror.com/is-arrayish/-/is-arrayish-0.3.2.tgz",
            "integrity": "sha512-eVRqCvVlZbuw3GrM63ovNSNAeA1K16kaR/LRY/92w0zxQ5/1YzwblUX652i4Xs9RwAGjW9d9y6X88t8OaAJfWQ=="
        },
        "is-core-module": {
            "version": "2.9.0",
            "resolved": "https://registry.npmmirror.com/is-core-module/-/is-core-module-2.9.0.tgz",
            "integrity": "sha512-+5FPy5PnwmO3lvfMb0AsoPaBG+5KHUI0wYFXOtYPnVVVspTFUuMZNfNaNVRt3FZadstu2c8x23vykRW/NBoU6A==",
            "dev": true,
            "requires": {
                "has": "^1.0.3"
            }
        },
        "is-module": {
            "version": "1.0.0",
            "resolved": "https://registry.npmmirror.com/is-module/-/is-module-1.0.0.tgz",
            "integrity": "sha512-51ypPSPCoTEIN9dy5Oy+h4pShgJmPCygKfyRCISBI+JoWT/2oJvK8QPxmwv7b/p239jXrm9M1mlQbyKJ5A152g==",
            "dev": true
        },
        "is-reference": {
            "version": "1.2.1",
            "resolved": "https://registry.npmmirror.com/is-reference/-/is-reference-1.2.1.tgz",
            "integrity": "sha512-U82MsXXiFIrjCK4otLT+o2NA2Cd2g5MLoOVXUZjIOhLurrRxpEXzI8O0KZHr3IjLvlAH1kTPYSuqer5T9ZVBKQ==",
            "dev": true,
            "requires": {
                "@types/estree": "*"
            }
        },
        "jdenticon": {
            "version": "3.1.1",
            "resolved": "https://registry.npmmirror.com/jdenticon/-/jdenticon-3.1.1.tgz",
            "integrity": "sha512-/m0Kk5ou7tPHjW6YovCysRETqPlFcTabWG96r8NbbSsEK+eQ3jHiGULaGOtp4XBqkRxWS1XMopLRGwdhet5ezw==",
            "requires": {
                "canvas-renderer": "~2.2.0"
            }
        },
        "magic-string": {
            "version": "0.25.9",
            "resolved": "https://registry.npmmirror.com/magic-string/-/magic-string-0.25.9.tgz",
            "integrity": "sha512-RmF0AsMzgt25qzqqLc1+MbHmhdx0ojF2Fvs4XnOqz2ZOBXzzkEwc/dJQZCYHAn7v1jbVOjAZfK8msRn4BxO4VQ==",
            "dev": true,
            "requires": {
                "sourcemap-codec": "^1.4.8"
            }
        },
        "path-parse": {
            "version": "1.0.7",
            "resolved": "https://registry.npmmirror.com/path-parse/-/path-parse-1.0.7.tgz",
            "integrity": "sha512-LDJzPVEEEPR+y48z93A0Ed0yXb8pAByGWo/k5YYdYgpY2/2EsOsksJrq7lOHxryrVOn1ejG6oAp8ahvOIQD8sw==",
            "dev": true
        },
        "regenerator-runtime": {
            "version": "0.13.9",
            "resolved": "https://registry.npmmirror.com/regenerator-runtime/-/regenerator-runtime-0.13.9.tgz",
            "integrity": "sha512-p3VT+cOEgxFsRRA9X4lkI1E+k2/CtnKtU4gcxyaCUreilL/vqI6CdZ3wxVUx3UOUg+gnUOQQcRI7BmSI656MYA=="
        },
        "resolve": {
            "version": "1.22.1",
            "resolved": "https://registry.npmmirror.com/resolve/-/resolve-1.22.1.tgz",
            "integrity": "sha512-nBpuuYuY5jFsli/JIs1oldw6fOQCBioohqWZg/2hiaOybXOft4lonv85uDOKXdf8rhyK159cxU5cDcK/NKk8zw==",
            "dev": true,
            "requires": {
                "is-core-module": "^2.9.0",
                "path-parse": "^1.0.7",
                "supports-preserve-symlinks-flag": "^1.0.0"
            }
        },
        "rollup": {
            "version": "2.75.7",
            "resolved": "https://registry.npmmirror.com/rollup/-/rollup-2.75.7.tgz",
            "integrity": "sha512-VSE1iy0eaAYNCxEXaleThdFXqZJ42qDBatAwrfnPlENEZ8erQ+0LYX4JXOLPceWfZpV1VtZwZ3dFCuOZiSyFtQ==",
            "dev": true,
            "requires": {
                "fsevents": "~2.3.2"
            }
        },
        "rollup-plugin-commonjs": {
            "version": "10.1.0",
            "resolved": "https://registry.npmmirror.com/rollup-plugin-commonjs/-/rollup-plugin-commonjs-10.1.0.tgz",
            "integrity": "sha512-jlXbjZSQg8EIeAAvepNwhJj++qJWNJw1Cl0YnOqKtP5Djx+fFGkp3WRh+W0ASCaFG5w1jhmzDxgu3SJuVxPF4Q==",
            "dev": true,
            "requires": {
                "estree-walker": "^0.6.1",
                "is-reference": "^1.1.2",
                "magic-string": "^0.25.2",
                "resolve": "^1.11.0",
                "rollup-pluginutils": "^2.8.1"
            }
        },
        "rollup-plugin-node-resolve": {
            "version": "5.2.0",
            "resolved": "https://registry.npmmirror.com/rollup-plugin-node-resolve/-/rollup-plugin-node-resolve-5.2.0.tgz",
            "integrity": "sha512-jUlyaDXts7TW2CqQ4GaO5VJ4PwwaV8VUGA7+km3n6k6xtOEacf61u0VXwN80phY/evMcaS+9eIeJ9MOyDxt5Zw==",
            "dev": true,
            "requires": {
                "@types/resolve": "0.0.8",
                "builtin-modules": "^3.1.0",
                "is-module": "^1.0.0",
                "resolve": "^1.11.1",
                "rollup-pluginutils": "^2.8.1"
            }
        },
        "rollup-pluginutils": {
            "version": "2.8.2",
            "resolved": "https://registry.npmmirror.com/rollup-pluginutils/-/rollup-pluginutils-2.8.2.tgz",
            "integrity": "sha512-EEp9NhnUkwY8aif6bxgovPHMoMoNr2FulJziTndpt5H9RdwC47GSGuII9XxpSdzVGM0GWrNPHV6ie1LTNJPaLQ==",
            "dev": true,
            "requires": {
                "estree-walker": "^0.6.1"
            }
        },
        "simple-swizzle": {
            "version": "0.2.2",
            "resolved": "https://registry.npmmirror.com/simple-swizzle/-/simple-swizzle-0.2.2.tgz",
            "integrity": "sha512-JA//kQgZtbuY83m+xT+tXJkmJncGMTFT+C+g2h2R9uxkYIrE2yy9sgmcLhCnw57/WSD+Eh3J97FPEDFnbXnDUg==",
            "requires": {
                "is-arrayish": "^0.3.1"
            }
        },
        "sourcemap-codec": {
            "version": "1.4.8",
            "resolved": "https://registry.npmmirror.com/sourcemap-codec/-/sourcemap-codec-1.4.8.tgz",
            "integrity": "sha512-9NykojV5Uih4lgo5So5dtw+f0JgJX30KCNI8gwhz2J9A15wD0Ml6tjHKwf6fTSa6fAdVBdZeNOs9eJ71qCk8vA==",
            "dev": true
        },
        "supports-preserve-symlinks-flag": {
            "version": "1.0.0",
            "resolved": "https://registry.npmmirror.com/supports-preserve-symlinks-flag/-/supports-preserve-symlinks-flag-1.0.0.tgz",
            "integrity": "sha512-ot0WnXS9fgdkgIcePe6RHNk1WA8+muPa6cSjeR3V8K27q9BB1rTE3R1p7Hv0z1ZyAc8s6Vvv8DIyWf681MAt0w==",
            "dev": true
        },
        "tweetnacl": {
            "version": "1.0.3",
            "resolved": "https://registry.npmmirror.com/tweetnacl/-/tweetnacl-1.0.3.tgz",
            "integrity": "sha512-6rt+RN7aOi1nGMyC4Xa5DdYiukl2UWCbcJft7YhxReBGQD7OAM8Pbxw6YMo4r2diNEA8FEmu32YOn9rhaiE5yw=="
        }
    }
}
